// !$*UTF8*$!
{
	archiveVersion = 1;
	classes = {
	};
	objectVersion = 46;
	objects = {

/* Begin PBXBuildFile section */
		861F00F11ED224E900771445 /* AppDelegate.swift in Sources */ = {isa = PBXBuildFile; fileRef = 861F00F01ED224E900771445 /* AppDelegate.swift */; };
		861F00F31ED224E900771445 /* ViewController.swift in Sources */ = {isa = PBXBuildFile; fileRef = 861F00F21ED224E900771445 /* ViewController.swift */; };
		861F00F61ED224E900771445 /* Main.storyboard in Resources */ = {isa = PBXBuildFile; fileRef = 861F00F41ED224E900771445 /* Main.storyboard */; };
		861F00FB1ED224E900771445 /* LaunchScreen.storyboard in Resources */ = {isa = PBXBuildFile; fileRef = 861F00F91ED224E900771445 /* LaunchScreen.storyboard */; };
		861F01061ED224EA00771445 /* mcheckersTests.swift in Sources */ = {isa = PBXBuildFile; fileRef = 861F01051ED224EA00771445 /* mcheckersTests.swift */; };
		861F01111ED224EA00771445 /* mcheckersUITests.swift in Sources */ = {isa = PBXBuildFile; fileRef = 861F01101ED224EA00771445 /* mcheckersUITests.swift */; };
		869E62001ED22F8500C9C85B /* Media.xcassets in Resources */ = {isa = PBXBuildFile; fileRef = 869E61FF1ED22F8500C9C85B /* Media.xcassets */; };
/* End PBXBuildFile section */

/* Begin PBXContainerItemProxy section */
		861F01021ED224EA00771445 /* PBXContainerItemProxy */ = {
			isa = PBXContainerItemProxy;
			containerPortal = 861F00E51ED224E900771445 /* Project object */;
			proxyType = 1;
			remoteGlobalIDString = 861F00EC1ED224E900771445;
			remoteInfo = mcheckers;
		};
		861F010D1ED224EA00771445 /* PBXContainerItemProxy */ = {
			isa = PBXContainerItemProxy;
			containerPortal = 861F00E51ED224E900771445 /* Project object */;
			proxyType = 1;
			remoteGlobalIDString = 861F00EC1ED224E900771445;
			remoteInfo = mcheckers;
		};
/* End PBXContainerItemProxy section */

/* Begin PBXFileReference section */
		861F00ED1ED224E900771445 /* mcheckers.app */ = {isa = PBXFileReference; explicitFileType = wrapper.application; includeInIndex = 0; path = mcheckers.app; sourceTree = BUILT_PRODUCTS_DIR; };
		861F00F01ED224E900771445 /* AppDelegate.swift */ = {isa = PBXFileReference; lastKnownFileType = sourcecode.swift; path = AppDelegate.swift; sourceTree = "<group>"; };
		861F00F21ED224E900771445 /* ViewController.swift */ = {isa = PBXFileReference; lastKnownFileType = sourcecode.swift; path = ViewController.swift; sourceTree = "<group>"; };
		861F00F51ED224E900771445 /* Base */ = {isa = PBXFileReference; lastKnownFileType = file.storyboard; name = Base; path = Base.lproj/Main.storyboard; sourceTree = "<group>"; };
		861F00FA1ED224E900771445 /* Base */ = {isa = PBXFileReference; lastKnownFileType = file.storyboard; name = Base; path = Base.lproj/LaunchScreen.storyboard; sourceTree = "<group>"; };
		861F00FC1ED224E900771445 /* Info.plist */ = {isa = PBXFileReference; lastKnownFileType = text.plist.xml; path = Info.plist; sourceTree = "<group>"; };
		861F01011ED224EA00771445 /* mcheckersTests.xctest */ = {isa = PBXFileReference; explicitFileType = wrapper.cfbundle; includeInIndex = 0; path = mcheckersTests.xctest; sourceTree = BUILT_PRODUCTS_DIR; };
		861F01051ED224EA00771445 /* mcheckersTests.swift */ = {isa = PBXFileReference; lastKnownFileType = sourcecode.swift; path = mcheckersTests.swift; sourceTree = "<group>"; };
		861F01071ED224EA00771445 /* Info.plist */ = {isa = PBXFileReference; lastKnownFileType = text.plist.xml; path = Info.plist; sourceTree = "<group>"; };
		861F010C1ED224EA00771445 /* mcheckersUITests.xctest */ = {isa = PBXFileReference; explicitFileType = wrapper.cfbundle; includeInIndex = 0; path = mcheckersUITests.xctest; sourceTree = BUILT_PRODUCTS_DIR; };
		861F01101ED224EA00771445 /* mcheckersUITests.swift */ = {isa = PBXFileReference; lastKnownFileType = sourcecode.swift; path = mcheckersUITests.swift; sourceTree = "<group>"; };
		861F01121ED224EA00771445 /* Info.plist */ = {isa = PBXFileReference; lastKnownFileType = text.plist.xml; path = Info.plist; sourceTree = "<group>"; };
		869E61FF1ED22F8500C9C85B /* Media.xcassets */ = {isa = PBXFileReference; lastKnownFileType = folder.assetcatalog; path = Media.xcassets; sourceTree = "<group>"; };
/* End PBXFileReference section */

/* Begin PBXFrameworksBuildPhase section */
		861F00EA1ED224E900771445 /* Frameworks */ = {
			isa = PBXFrameworksBuildPhase;
			buildActionMask = 2147483647;
			files = (
			);
			runOnlyForDeploymentPostprocessing = 0;
		};
		861F00FE1ED224EA00771445 /* Frameworks */ = {
			isa = PBXFrameworksBuildPhase;
			buildActionMask = 2147483647;
			files = (
			);
			runOnlyForDeploymentPostprocessing = 0;
		};
		861F01091ED224EA00771445 /* Frameworks */ = {
			isa = PBXFrameworksBuildPhase;
			buildActionMask = 2147483647;
			files = (
			);
			runOnlyForDeploymentPostprocessing = 0;
		};
/* End PBXFrameworksBuildPhase section */

/* Begin PBXGroup section */
		861F00E41ED224E900771445 = {
			isa = PBXGroup;
			children = (
				861F00EF1ED224E900771445 /* mcheckers */,
				861F01041ED224EA00771445 /* mcheckersTests */,
				861F010F1ED224EA00771445 /* mcheckersUITests */,
				861F00EE1ED224E900771445 /* Products */,
			);
			sourceTree = "<group>";
		};
		861F00EE1ED224E900771445 /* Products */ = {
			isa = PBXGroup;
			children = (
				861F00ED1ED224E900771445 /* mcheckers.app */,
				861F01011ED224EA00771445 /* mcheckersTests.xctest */,
				861F010C1ED224EA00771445 /* mcheckersUITests.xctest */,
			);
			name = Products;
			sourceTree = "<group>";
		};
		861F00EF1ED224E900771445 /* mcheckers */ = {
			isa = PBXGroup;
			children = (
				869E61FF1ED22F8500C9C85B /* Media.xcassets */,
				861F00F01ED224E900771445 /* AppDelegate.swift */,
				861F00F21ED224E900771445 /* ViewController.swift */,
				861F00F41ED224E900771445 /* Main.storyboard */,
				861F00F91ED224E900771445 /* LaunchScreen.storyboard */,
				861F00FC1ED224E900771445 /* Info.plist */,
			);
			path = mcheckers;
			sourceTree = "<group>";
		};
		861F01041ED224EA00771445 /* mcheckersTests */ = {
			isa = PBXGroup;
			children = (
				861F01051ED224EA00771445 /* mcheckersTests.swift */,
				861F01071ED224EA00771445 /* Info.plist */,
			);
			path = mcheckersTests;
			sourceTree = "<group>";
		};
		861F010F1ED224EA00771445 /* mcheckersUITests */ = {
			isa = PBXGroup;
			children = (
				861F01101ED224EA00771445 /* mcheckersUITests.swift */,
				861F01121ED224EA00771445 /* Info.plist */,
			);
			path = mcheckersUITests;
			sourceTree = "<group>";
		};
/* End PBXGroup section */

/* Begin PBXNativeTarget section */
		861F00EC1ED224E900771445 /* mcheckers */ = {
			isa = PBXNativeTarget;
			buildConfigurationList = 861F01151ED224EA00771445 /* Build configuration list for PBXNativeTarget "mcheckers" */;
			buildPhases = (
				861F00E91ED224E900771445 /* Sources */,
				861F00EA1ED224E900771445 /* Frameworks */,
				861F00EB1ED224E900771445 /* Resources */,
			);
			buildRules = (
			);
			dependencies = (
			);
			name = mcheckers;
			productName = mcheckers;
			productReference = 861F00ED1ED224E900771445 /* mcheckers.app */;
			productType = "com.apple.product-type.application";
		};
		861F01001ED224EA00771445 /* mcheckersTests */ = {
			isa = PBXNativeTarget;
			buildConfigurationList = 861F01181ED224EA00771445 /* Build configuration list for PBXNativeTarget "mcheckersTests" */;
			buildPhases = (
				861F00FD1ED224EA00771445 /* Sources */,
				861F00FE1ED224EA00771445 /* Frameworks */,
				861F00FF1ED224EA00771445 /* Resources */,
			);
			buildRules = (
			);
			dependencies = (
				861F01031ED224EA00771445 /* PBXTargetDependency */,
			);
			name = mcheckersTests;
			productName = mcheckersTests;
			productReference = 861F01011ED224EA00771445 /* mcheckersTests.xctest */;
			productType = "com.apple.product-type.bundle.unit-test";
		};
		861F010B1ED224EA00771445 /* mcheckersUITests */ = {
			isa = PBXNativeTarget;
			buildConfigurationList = 861F011B1ED224EA00771445 /* Build configuration list for PBXNativeTarget "mcheckersUITests" */;
			buildPhases = (
				861F01081ED224EA00771445 /* Sources */,
				861F01091ED224EA00771445 /* Frameworks */,
				861F010A1ED224EA00771445 /* Resources */,
			);
			buildRules = (
			);
			dependencies = (
				861F010E1ED224EA00771445 /* PBXTargetDependency */,
			);
			name = mcheckersUITests;
			productName = mcheckersUITests;
			productReference = 861F010C1ED224EA00771445 /* mcheckersUITests.xctest */;
			productType = "com.apple.product-type.bundle.ui-testing";
		};
/* End PBXNativeTarget section */

/* Begin PBXProject section */
		861F00E51ED224E900771445 /* Project object */ = {
			isa = PBXProject;
			attributes = {
				LastSwiftUpdateCheck = 0830;
				LastUpgradeCheck = 0830;
				ORGANIZATIONNAME = bgsoft;
				TargetAttributes = {
					861F00EC1ED224E900771445 = {
						CreatedOnToolsVersion = 8.3.2;
						ProvisioningStyle = Automatic;
					};
					861F01001ED224EA00771445 = {
						CreatedOnToolsVersion = 8.3.2;
						ProvisioningStyle = Automatic;
						TestTargetID = 861F00EC1ED224E900771445;
					};
					861F010B1ED224EA00771445 = {
						CreatedOnToolsVersion = 8.3.2;
						ProvisioningStyle = Automatic;
						TestTargetID = 861F00EC1ED224E900771445;
					};
				};
			};
			buildConfigurationList = 861F00E81ED224E900771445 /* Build configuration list for PBXProject "mcheckers" */;
			compatibilityVersion = "Xcode 3.2";
			developmentRegion = English;
			hasScannedForEncodings = 0;
			knownRegions = (
				en,
				Base,
			);
			mainGroup = 861F00E41ED224E900771445;
			productRefGroup = 861F00EE1ED224E900771445 /* Products */;
			projectDirPath = "";
			projectRoot = "";
			targets = (
				861F00EC1ED224E900771445 /* mcheckers */,
				861F01001ED224EA00771445 /* mcheckersTests */,
				861F010B1ED224EA00771445 /* mcheckersUITests */,
			);
		};
/* End PBXProject section */

/* Begin PBXResourcesBuildPhase section */
		861F00EB1ED224E900771445 /* Resources */ = {
			isa = PBXResourcesBuildPhase;
			buildActionMask = 2147483647;
			files = (
				861F00FB1ED224E900771445 /* LaunchScreen.storyboard in Resources */,
				869E62001ED22F8500C9C85B /* Media.xcassets in Resources */,
				861F00F61ED224E900771445 /* Main.storyboard in Resources */,
			);
			runOnlyForDeploymentPostprocessing = 0;
		};
		861F00FF1ED224EA00771445 /* Resources */ = {
			isa = PBXResourcesBuildPhase;
			buildActionMask = 2147483647;
			files = (
			);
			runOnlyForDeploymentPostprocessing = 0;
		};
		861F010A1ED224EA00771445 /* Resources */ = {
			isa = PBXResourcesBuildPhase;
			buildActionMask = 2147483647;
			files = (
			);
			runOnlyForDeploymentPostprocessing = 0;
		};
/* End PBXResourcesBuildPhase section */

/* Begin PBXSourcesBuildPhase section */
		861F00E91ED224E900771445 /* Sources */ = {
			isa = PBXSourcesBuildPhase;
			buildActionMask = 2147483647;
			files = (
				861F00F31ED224E900771445 /* ViewController.swift in Sources */,
				861F00F11ED224E900771445 /* AppDelegate.swift in Sources */,
			);
			runOnlyForDeploymentPostprocessing = 0;
		};
		861F00FD1ED224EA00771445 /* Sources */ = {
			isa = PBXSourcesBuildPhase;
			buildActionMask = 2147483647;
			files = (
				861F01061ED224EA00771445 /* mcheckersTests.swift in Sources */,
			);
			runOnlyForDeploymentPostprocessing = 0;
		};
		861F01081ED224EA00771445 /* Sources */ = {
			isa = PBXSourcesBuildPhase;
			buildActionMask = 2147483647;
			files = (
				861F01111ED224EA00771445 /* mcheckersUITests.swift in Sources */,
			);
			runOnlyForDeploymentPostprocessing = 0;
		};
/* End PBXSourcesBuildPhase section */

/* Begin PBXTargetDependency section */
		861F01031ED224EA00771445 /* PBXTargetDependency */ = {
			isa = PBXTargetDependency;
			target = 861F00EC1ED224E900771445 /* mcheckers */;
			targetProxy = 861F01021ED224EA00771445 /* PBXContainerItemProxy */;
		};
		861F010E1ED224EA00771445 /* PBXTargetDependency */ = {
			isa = PBXTargetDependency;
			target = 861F00EC1ED224E900771445 /* mcheckers */;
			targetProxy = 861F010D1ED224EA00771445 /* PBXContainerItemProxy */;
		};
/* End PBXTargetDependency section */

/* Begin PBXVariantGroup section */
		861F00F41ED224E900771445 /* Main.storyboard */ = {
			isa = PBXVariantGroup;
			children = (
				861F00F51ED224E900771445 /* Base */,
			);
			name = Main.storyboard;
			sourceTree = "<group>";
		};
		861F00F91ED224E900771445 /* LaunchScreen.storyboard */ = {
			isa = PBXVariantGroup;
			children = (
				861F00FA1ED224E900771445 /* Base */,
			);
			name = LaunchScreen.storyboard;
			sourceTree = "<group>";
		};
/* End PBXVariantGroup section */

/* Begin XCBuildConfiguration section */
		861F01131ED224EA00771445 /* Debug */ = {
			isa = XCBuildConfiguration;
			buildSettings = {
				ALWAYS_SEARCH_USER_PATHS = NO;
				CLANG_ANALYZER_NONNULL = YES;
				CLANG_ANALYZER_NUMBER_OBJECT_CONVERSION = YES_AGGRESSIVE;
				CLANG_CXX_LANGUAGE_STANDARD = "gnu++0x";
				CLANG_CXX_LIBRARY = "libc++";
				CLANG_ENABLE_MODULES = YES;
				CLANG_ENABLE_OBJC_ARC = YES;
				CLANG_WARN_BOOL_CONVERSION = YES;
				CLANG_WARN_CONSTANT_CONVERSION = YES;
				CLANG_WARN_DIRECT_OBJC_ISA_USAGE = YES_ERROR;
				CLANG_WARN_DOCUMENTATION_COMMENTS = YES;
				CLANG_WARN_EMPTY_BODY = YES;
				CLANG_WARN_ENUM_CONVERSION = YES;
				CLANG_WARN_INFINITE_RECURSION = YES;
				CLANG_WARN_INT_CONVERSION = YES;
				CLANG_WARN_OBJC_ROOT_CLASS = YES_ERROR;
				CLANG_WARN_SUSPICIOUS_MOVE = YES;
				CLANG_WARN_UNREACHABLE_CODE = YES;
				CLANG_WARN__DUPLICATE_METHOD_MATCH = YES;
				"CODE_SIGN_IDENTITY[sdk=iphoneos*]" = "iPhone Developer";
				COPY_PHASE_STRIP = NO;
				DEBUG_INFORMATION_FORMAT = dwarf;
				ENABLE_STRICT_OBJC_MSGSEND = YES;
				ENABLE_TESTABILITY = YES;
				GCC_C_LANGUAGE_STANDARD = gnu99;
				GCC_DYNAMIC_NO_PIC = NO;
				GCC_NO_COMMON_BLOCKS = YES;
				GCC_OPTIMIZATION_LEVEL = 0;
				GCC_PREPROCESSOR_DEFINITIONS = (
					"DEBUG=1",
					"$(inherited)",
				);
				GCC_WARN_64_TO_32_BIT_CONVERSION = YES;
				GCC_WARN_ABOUT_RETURN_TYPE = YES_ERROR;
				GCC_WARN_UNDECLARED_SELECTOR = YES;
				GCC_WARN_UNINITIALIZED_AUTOS = YES_AGGRESSIVE;
				GCC_WARN_UNUSED_FUNCTION = YES;
				GCC_WARN_UNUSED_VARIABLE = YES;
				IPHONEOS_DEPLOYMENT_TARGET = 10.3;
				MTL_ENABLE_DEBUG_INFO = YES;
				ONLY_ACTIVE_ARCH = YES;
				SDKROOT = iphoneos;
				SWIFT_ACTIVE_COMPILATION_CONDITIONS = DEBUG;
				SWIFT_OPTIMIZATION_LEVEL = "-Onone";
				TARGETED_DEVICE_FAMILY = "1,2";
			};
			name = Debug;
		};
		861F01141ED224EA00771445 /* Release */ = {
			isa = XCBuildConfiguration;
			buildSettings = {
				ALWAYS_SEARCH_USER_PATHS = NO;
				CLANG_ANALYZER_NONNULL = YES;
				CLANG_ANALYZER_NUMBER_OBJECT_CONVERSION = YES_AGGRESSIVE;
				CLANG_CXX_LANGUAGE_STANDARD = "gnu++0x";
				CLANG_CXX_LIBRARY = "libc++";
				CLANG_ENABLE_MODULES = YES;
				CLANG_ENABLE_OBJC_ARC = YES;
				CLANG_WARN_BOOL_CONVERSION = YES;
				CLANG_WARN_CONSTANT_CONVERSION = YES;
				CLANG_WARN_DIRECT_OBJC_ISA_USAGE = YES_ERROR;
				CLANG_WARN_DOCUMENTATION_COMMENTS = YES;
				CLANG_WARN_EMPTY_BODY = YES;
				CLANG_WARN_ENUM_CONVERSION = YES;
				CLANG_WARN_INFINITE_RECURSION = YES;
				CLANG_WARN_INT_CONVERSION = YES;
				CLANG_WARN_OBJC_ROOT_CLASS = YES_ERROR;
				CLANG_WARN_SUSPICIOUS_MOVE = YES;
				CLANG_WARN_UNREACHABLE_CODE = YES;
				CLANG_WARN__DUPLICATE_METHOD_MATCH = YES;
				"CODE_SIGN_IDENTITY[sdk=iphoneos*]" = "iPhone Developer";
				COPY_PHASE_STRIP = NO;
				DEBUG_INFORMATION_FORMAT = "dwarf-with-dsym";
				ENABLE_NS_ASSERTIONS = NO;
				ENABLE_STRICT_OBJC_MSGSEND = YES;
				GCC_C_LANGUAGE_STANDARD = gnu99;
				GCC_NO_COMMON_BLOCKS = YES;
				GCC_WARN_64_TO_32_BIT_CONVERSION = YES;
				GCC_WARN_ABOUT_RETURN_TYPE = YES_ERROR;
				GCC_WARN_UNDECLARED_SELECTOR = YES;
				GCC_WARN_UNINITIALIZED_AUTOS = YES_AGGRESSIVE;
				GCC_WARN_UNUSED_FUNCTION = YES;
				GCC_WARN_UNUSED_VARIABLE = YES;
				IPHONEOS_DEPLOYMENT_TARGET = 10.3;
				MTL_ENABLE_DEBUG_INFO = NO;
				SDKROOT = iphoneos;
				SWIFT_OPTIMIZATION_LEVEL = "-Owholemodule";
				TARGETED_DEVICE_FAMILY = "1,2";
				VALIDATE_PRODUCT = YES;
			};
			name = Release;
		};
		861F01161ED224EA00771445 /* Debug */ = {
			isa = XCBuildConfiguration;
			buildSettings = {
				ASSETCATALOG_COMPILER_APPICON_NAME = AppIcon;
				INFOPLIST_FILE = mcheckers/Info.plist;
				LD_RUNPATH_SEARCH_PATHS = "$(inherited) @executable_path/Frameworks";
				PRODUCT_BUNDLE_IDENTIFIER = com.mcheckers;
				PRODUCT_NAME = "$(TARGET_NAME)";
				SWIFT_VERSION = 3.0;
			};
			name = Debug;
		};
		861F01171ED224EA00771445 /* Release */ = {
			isa = XCBuildConfiguration;
			buildSettings = {
				ASSETCATALOG_COMPILER_APPICON_NAME = AppIcon;
				INFOPLIST_FILE = mcheckers/Info.plist;
				LD_RUNPATH_SEARCH_PATHS = "$(inherited) @executable_path/Frameworks";
				PRODUCT_BUNDLE_IDENTIFIER = com.mcheckers;
				PRODUCT_NAME = "$(TARGET_NAME)";
				SWIFT_VERSION = 3.0;
			};
			name = Release;
		};
		861F01191ED224EA00771445 /* Debug */ = {
			isa = XCBuildConfiguration;
			buildSettings = {
				ALWAYS_EMBED_SWIFT_STANDARD_LIBRARIES = YES;
				BUNDLE_LOADER = "$(TEST_HOST)";
				INFOPLIST_FILE = mcheckersTests/Info.plist;
				LD_RUNPATH_SEARCH_PATHS = "$(inherited) @executable_path/Frameworks @loader_path/Frameworks";
				PRODUCT_BUNDLE_IDENTIFIER = com.mcheckersTests;
				PRODUCT_NAME = "$(TARGET_NAME)";
				SWIFT_VERSION = 3.0;
				TEST_HOST = "$(BUILT_PRODUCTS_DIR)/mcheckers.app/mcheckers";
			};
			name = Debug;
		};
		861F011A1ED224EA00771445 /* Release */ = {
			isa = XCBuildConfiguration;
			buildSettings = {
				ALWAYS_EMBED_SWIFT_STANDARD_LIBRARIES = YES;
				BUNDLE_LOADER = "$(TEST_HOST)";
				INFOPLIST_FILE = mcheckersTests/Info.plist;
				LD_RUNPATH_SEARCH_PATHS = "$(inherited) @executable_path/Frameworks @loader_path/Frameworks";
				PRODUCT_BUNDLE_IDENTIFIER = com.mcheckersTests;
				PRODUCT_NAME = "$(TARGET_NAME)";
				SWIFT_VERSION = 3.0;
				TEST_HOST = "$(BUILT_PRODUCTS_DIR)/mcheckers.app/mcheckers";
			};
			name = Release;
		};
		861F011C1ED224EA00771445 /* Debug */ = {
			isa = XCBuildConfiguration;
			buildSettings = {
				ALWAYS_EMBED_SWIFT_STANDARD_LIBRARIES = YES;
				INFOPLIST_FILE = mcheckersUITests/Info.plist;
				LD_RUNPATH_SEARCH_PATHS = "$(inherited) @executable_path/Frameworks @loader_path/Frameworks";
				PRODUCT_BUNDLE_IDENTIFIER = com.mcheckersUITests;
				PRODUCT_NAME = "$(TARGET_NAME)";
				SWIFT_VERSION = 3.0;
				TEST_TARGET_NAME = mcheckers;
			};
			name = Debug;
		};
		861F011D1ED224EA00771445 /* Release */ = {
			isa = XCBuildConfiguration;
			buildSettings = {
				ALWAYS_EMBED_SWIFT_STANDARD_LIBRARIES = YES;
				INFOPLIST_FILE = mcheckersUITests/Info.plist;
				LD_RUNPATH_SEARCH_PATHS = "$(inherited) @executable_path/Frameworks @loader_path/Frameworks";
				PRODUCT_BUNDLE_IDENTIFIER = com.mcheckersUITests;
				PRODUCT_NAME = "$(TARGET_NAME)";
				SWIFT_VERSION = 3.0;
				TEST_TARGET_NAME = mcheckers;
			};
			name = Release;
		};
/* End XCBuildConfiguration section */

/* Begin XCConfigurationList section */
		861F00E81ED224E900771445 /* Build configuration list for PBXProject "mcheckers" */ = {
			isa = XCConfigurationList;
			buildConfigurations = (
				861F01131ED224EA00771445 /* Debug */,
				861F01141ED224EA00771445 /* Release */,
			);
			defaultConfigurationIsVisible = 0;
			defaultConfigurationName = Release;
		};
		861F01151ED224EA00771445 /* Build configuration list for PBXNativeTarget "mcheckers" */ = {
			isa = XCConfigurationList;
			buildConfigurations = (
				861F01161ED224EA00771445 /* Debug */,
				861F01171ED224EA00771445 /* Release */,
			);
			defaultConfigurationIsVisible = 0;
			defaultConfigurationName = Release;
		};
		861F01181ED224EA00771445 /* Build configuration list for PBXNativeTarget "mcheckersTests" */ = {
			isa = XCConfigurationList;
			buildConfigurations = (
				861F01191ED224EA00771445 /* Debug */,
				861F011A1ED224EA00771445 /* Release */,
			);
			defaultConfigurationIsVisible = 0;
			defaultConfigurationName = Release;
		};
		861F011B1ED224EA00771445 /* Build configuration list for PBXNativeTarget "mcheckersUITests" */ = {
			isa = XCConfigurationList;
			buildConfigurations = (
				861F011C1ED224EA00771445 /* Debug */,
				861F011D1ED224EA00771445 /* Release */,
			);
			defaultConfigurationIsVisible = 0;
			defaultConfigurationName = Release;
		};
/* End XCConfigurationList section */
	};
	rootObject = 861F00E51ED224E900771445 /* Project object */;
}
