// !$*UTF8*$!
{
	archiveVersion = 1;
	classes = {
	};
	objectVersion = 46;
	objects = {

/* Begin PBXBuildFile section */
		62307016AA4C8D219522AE79 /* Pods_mcheckersUITests.framework in Frameworks */ = {isa = PBXBuildFile; fileRef = FD5F071B563EA36B06503514 /* Pods_mcheckersUITests.framework */; };
		861F00F31ED224E900771445 /* ViewController.swift in Sources */ = {isa = PBXBuildFile; fileRef = 861F00F21ED224E900771445 /* ViewController.swift */; };
		861F00F61ED224E900771445 /* Main.storyboard in Resources */ = {isa = PBXBuildFile; fileRef = 861F00F41ED224E900771445 /* Main.storyboard */; };
		861F00FB1ED224E900771445 /* LaunchScreen.storyboard in Resources */ = {isa = PBXBuildFile; fileRef = 861F00F91ED224E900771445 /* LaunchScreen.storyboard */; };
		861F01061ED224EA00771445 /* mcheckersTests.swift in Sources */ = {isa = PBXBuildFile; fileRef = 861F01051ED224EA00771445 /* mcheckersTests.swift */; };
		861F01111ED224EA00771445 /* mcheckersUITests.swift in Sources */ = {isa = PBXBuildFile; fileRef = 861F01101ED224EA00771445 /* mcheckersUITests.swift */; };
		869E62001ED22F8500C9C85B /* Media.xcassets in Resources */ = {isa = PBXBuildFile; fileRef = 869E61FF1ED22F8500C9C85B /* Media.xcassets */; };
		86CBA62E1EE24DF5004A458E /* Square.swift in Sources */ = {isa = PBXBuildFile; fileRef = 86CBA62D1EE24DF5004A458E /* Square.swift */; };
		86CBA6341EE32F08004A458E /* Piece.swift in Sources */ = {isa = PBXBuildFile; fileRef = 86CBA6331EE32F08004A458E /* Piece.swift */; };
		8E466EC8AD950594FBDAA49A /* Pods_mcheckers.framework in Frameworks */ = {isa = PBXBuildFile; fileRef = 4BF63BBE90D7949573F3A8A6 /* Pods_mcheckers.framework */; };
		BDA26A301EE3368B00AE9EAA /* MHelper.swift in Sources */ = {isa = PBXBuildFile; fileRef = BDA26A2F1EE3368B00AE9EAA /* MHelper.swift */; };
		BDB9D9D71EE33A0300917D68 /* AppDelegate.swift in Sources */ = {isa = PBXBuildFile; fileRef = BDB9D9D61EE33A0300917D68 /* AppDelegate.swift */; };
		DC49C8521992C31CD2F6FD62 /* Pods_mcheckersTests.framework in Frameworks */ = {isa = PBXBuildFile; fileRef = 5E28F70E9C65547837F564E2 /* Pods_mcheckersTests.framework */; };
/* End PBXBuildFile section */

/* Begin PBXContainerItemProxy section */
		861F01021ED224EA00771445 /* PBXContainerItemProxy */ = {
			isa = PBXContainerItemProxy;
			containerPortal = 861F00E51ED224E900771445 /* Project object */;
			proxyType = 1;
			remoteGlobalIDString = 861F00EC1ED224E900771445;
			remoteInfo = mcheckers;
		};
		861F010D1ED224EA00771445 /* PBXContainerItemProxy */ = {
			isa = PBXContainerItemProxy;
			containerPortal = 861F00E51ED224E900771445 /* Project object */;
			proxyType = 1;
			remoteGlobalIDString = 861F00EC1ED224E900771445;
			remoteInfo = mcheckers;
		};
/* End PBXContainerItemProxy section */

/* Begin PBXFileReference section */
		101146D77D48ABC82075AD3A /* Pods-mcheckersTests.release.xcconfig */ = {isa = PBXFileReference; includeInIndex = 1; lastKnownFileType = text.xcconfig; name = "Pods-mcheckersTests.release.xcconfig"; path = "Pods/Target Support Files/Pods-mcheckersTests/Pods-mcheckersTests.release.xcconfig"; sourceTree = "<group>"; };
		3C2000024138BC91677D2069 /* Pods-mcheckers.release.xcconfig */ = {isa = PBXFileReference; includeInIndex = 1; lastKnownFileType = text.xcconfig; name = "Pods-mcheckers.release.xcconfig"; path = "Pods/Target Support Files/Pods-mcheckers/Pods-mcheckers.release.xcconfig"; sourceTree = "<group>"; };
		4BF63BBE90D7949573F3A8A6 /* Pods_mcheckers.framework */ = {isa = PBXFileReference; explicitFileType = wrapper.framework; includeInIndex = 0; path = Pods_mcheckers.framework; sourceTree = BUILT_PRODUCTS_DIR; };
		5E28F70E9C65547837F564E2 /* Pods_mcheckersTests.framework */ = {isa = PBXFileReference; explicitFileType = wrapper.framework; includeInIndex = 0; path = Pods_mcheckersTests.framework; sourceTree = BUILT_PRODUCTS_DIR; };
		73A5482603EFE400FE288BB6 /* Pods-mcheckersUITests.debug.xcconfig */ = {isa = PBXFileReference; includeInIndex = 1; lastKnownFileType = text.xcconfig; name = "Pods-mcheckersUITests.debug.xcconfig"; path = "Pods/Target Support Files/Pods-mcheckersUITests/Pods-mcheckersUITests.debug.xcconfig"; sourceTree = "<group>"; };
		861F00ED1ED224E900771445 /* mcheckers.app */ = {isa = PBXFileReference; explicitFileType = wrapper.application; includeInIndex = 0; path = mcheckers.app; sourceTree = BUILT_PRODUCTS_DIR; };
		861F00F21ED224E900771445 /* ViewController.swift */ = {isa = PBXFileReference; lastKnownFileType = sourcecode.swift; name = ViewController.swift; path = "View Controllers/ViewController.swift"; sourceTree = "<group>"; };
		861F00F51ED224E900771445 /* Base */ = {isa = PBXFileReference; lastKnownFileType = file.storyboard; name = Base; path = Base.lproj/Main.storyboard; sourceTree = "<group>"; };
		861F00FA1ED224E900771445 /* Base */ = {isa = PBXFileReference; lastKnownFileType = file.storyboard; name = Base; path = Base.lproj/LaunchScreen.storyboard; sourceTree = "<group>"; };
		861F00FC1ED224E900771445 /* Info.plist */ = {isa = PBXFileReference; lastKnownFileType = text.plist.xml; path = Info.plist; sourceTree = "<group>"; };
		861F01011ED224EA00771445 /* mcheckersTests.xctest */ = {isa = PBXFileReference; explicitFileType = wrapper.cfbundle; includeInIndex = 0; path = mcheckersTests.xctest; sourceTree = BUILT_PRODUCTS_DIR; };
		861F01051ED224EA00771445 /* mcheckersTests.swift */ = {isa = PBXFileReference; lastKnownFileType = sourcecode.swift; path = mcheckersTests.swift; sourceTree = "<group>"; };
		861F01071ED224EA00771445 /* Info.plist */ = {isa = PBXFileReference; lastKnownFileType = text.plist.xml; path = Info.plist; sourceTree = "<group>"; };
		861F010C1ED224EA00771445 /* mcheckersUITests.xctest */ = {isa = PBXFileReference; explicitFileType = wrapper.cfbundle; includeInIndex = 0; path = mcheckersUITests.xctest; sourceTree = BUILT_PRODUCTS_DIR; };
		861F01101ED224EA00771445 /* mcheckersUITests.swift */ = {isa = PBXFileReference; lastKnownFileType = sourcecode.swift; path = mcheckersUITests.swift; sourceTree = "<group>"; };
		861F01121ED224EA00771445 /* Info.plist */ = {isa = PBXFileReference; lastKnownFileType = text.plist.xml; path = Info.plist; sourceTree = "<group>"; };
		869E61FF1ED22F8500C9C85B /* Media.xcassets */ = {isa = PBXFileReference; lastKnownFileType = folder.assetcatalog; path = Media.xcassets; sourceTree = "<group>"; };
		86CBA62D1EE24DF5004A458E /* Square.swift */ = {isa = PBXFileReference; fileEncoding = 4; lastKnownFileType = sourcecode.swift; name = Square.swift; path = Other/Square.swift; sourceTree = "<group>"; };
		86CBA6331EE32F08004A458E /* Piece.swift */ = {isa = PBXFileReference; fileEncoding = 4; lastKnownFileType = sourcecode.swift; name = Piece.swift; path = Other/Piece.swift; sourceTree = "<group>"; };
		A23904E2D52B9FE441BC176C /* Pods-mcheckers.debug.xcconfig */ = {isa = PBXFileReference; includeInIndex = 1; lastKnownFileType = text.xcconfig; name = "Pods-mcheckers.debug.xcconfig"; path = "Pods/Target Support Files/Pods-mcheckers/Pods-mcheckers.debug.xcconfig"; sourceTree = "<group>"; };
		ABCF2E1066574985F354D8E0 /* Pods-mcheckersUITests.release.xcconfig */ = {isa = PBXFileReference; includeInIndex = 1; lastKnownFileType = text.xcconfig; name = "Pods-mcheckersUITests.release.xcconfig"; path = "Pods/Target Support Files/Pods-mcheckersUITests/Pods-mcheckersUITests.release.xcconfig"; sourceTree = "<group>"; };
		AF6D3CEA95F0BA68377FC427 /* Pods-mcheckersTests.debug.xcconfig */ = {isa = PBXFileReference; includeInIndex = 1; lastKnownFileType = text.xcconfig; name = "Pods-mcheckersTests.debug.xcconfig"; path = "Pods/Target Support Files/Pods-mcheckersTests/Pods-mcheckersTests.debug.xcconfig"; sourceTree = "<group>"; };
		BDA26A2F1EE3368B00AE9EAA /* MHelper.swift */ = {isa = PBXFileReference; fileEncoding = 4; lastKnownFileType = sourcecode.swift; name = MHelper.swift; path = Other/MHelper.swift; sourceTree = "<group>"; };
		BDB9D9D61EE33A0300917D68 /* AppDelegate.swift */ = {isa = PBXFileReference; fileEncoding = 4; lastKnownFileType = sourcecode.swift; path = AppDelegate.swift; sourceTree = "<group>"; };
		FD5F071B563EA36B06503514 /* Pods_mcheckersUITests.framework */ = {isa = PBXFileReference; explicitFileType = wrapper.framework; includeInIndex = 0; path = Pods_mcheckersUITests.framework; sourceTree = BUILT_PRODUCTS_DIR; };
/* End PBXFileReference section */

/* Begin PBXFrameworksBuildPhase section */
		861F00EA1ED224E900771445 /* Frameworks */ = {
			isa = PBXFrameworksBuildPhase;
			buildActionMask = 2147483647;
			files = (
				8E466EC8AD950594FBDAA49A /* Pods_mcheckers.framework in Frameworks */,
			);
			runOnlyForDeploymentPostprocessing = 0;
		};
		861F00FE1ED224EA00771445 /* Frameworks */ = {
			isa = PBXFrameworksBuildPhase;
			buildActionMask = 2147483647;
			files = (
				DC49C8521992C31CD2F6FD62 /* Pods_mcheckersTests.framework in Frameworks */,
			);
			runOnlyForDeploymentPostprocessing = 0;
		};
		861F01091ED224EA00771445 /* Frameworks */ = {
			isa = PBXFrameworksBuildPhase;
			buildActionMask = 2147483647;
			files = (
				62307016AA4C8D219522AE79 /* Pods_mcheckersUITests.framework in Frameworks */,
			);
			runOnlyForDeploymentPostprocessing = 0;
		};
/* End PBXFrameworksBuildPhase section */

/* Begin PBXGroup section */
		2C2786536E104F2D56170710 /* Frameworks */ = {
			isa = PBXGroup;
			children = (
				4BF63BBE90D7949573F3A8A6 /* Pods_mcheckers.framework */,
				5E28F70E9C65547837F564E2 /* Pods_mcheckersTests.framework */,
				FD5F071B563EA36B06503514 /* Pods_mcheckersUITests.framework */,
			);
			name = Frameworks;
			sourceTree = "<group>";
		};
		6774D9FF021A01BD4250AB5A /* Pods */ = {
			isa = PBXGroup;
			children = (
				A23904E2D52B9FE441BC176C /* Pods-mcheckers.debug.xcconfig */,
				3C2000024138BC91677D2069 /* Pods-mcheckers.release.xcconfig */,
				AF6D3CEA95F0BA68377FC427 /* Pods-mcheckersTests.debug.xcconfig */,
				101146D77D48ABC82075AD3A /* Pods-mcheckersTests.release.xcconfig */,
				73A5482603EFE400FE288BB6 /* Pods-mcheckersUITests.debug.xcconfig */,
				ABCF2E1066574985F354D8E0 /* Pods-mcheckersUITests.release.xcconfig */,
			);
			name = Pods;
			sourceTree = "<group>";
		};
		861F00E41ED224E900771445 = {
			isa = PBXGroup;
			children = (
				861F00EF1ED224E900771445 /* mcheckers */,
				861F01041ED224EA00771445 /* mcheckersTests */,
				861F010F1ED224EA00771445 /* mcheckersUITests */,
				861F00EE1ED224E900771445 /* Products */,
				6774D9FF021A01BD4250AB5A /* Pods */,
				2C2786536E104F2D56170710 /* Frameworks */,
			);
			sourceTree = "<group>";
		};
		861F00EE1ED224E900771445 /* Products */ = {
			isa = PBXGroup;
			children = (
				861F00ED1ED224E900771445 /* mcheckers.app */,
				861F01011ED224EA00771445 /* mcheckersTests.xctest */,
				861F010C1ED224EA00771445 /* mcheckersUITests.xctest */,
			);
			name = Products;
			sourceTree = "<group>";
		};
		861F00EF1ED224E900771445 /* mcheckers */ = {
			isa = PBXGroup;
			children = (
				BDA26A331EE3374E00AE9EAA /* Other */,
				BDA26A321EE3374000AE9EAA /* View Controllers */,
				BDA26A311EE3372600AE9EAA /* Storyboards */,
				869E61FF1ED22F8500C9C85B /* Media.xcassets */,
				861F00FC1ED224E900771445 /* Info.plist */,
				BDB9D9D61EE33A0300917D68 /* AppDelegate.swift */,
			);
			path = mcheckers;
			sourceTree = "<group>";
		};
		861F01041ED224EA00771445 /* mcheckersTests */ = {
			isa = PBXGroup;
			children = (
				861F01051ED224EA00771445 /* mcheckersTests.swift */,
				861F01071ED224EA00771445 /* Info.plist */,
			);
			path = mcheckersTests;
			sourceTree = "<group>";
		};
		861F010F1ED224EA00771445 /* mcheckersUITests */ = {
			isa = PBXGroup;
			children = (
				861F01101ED224EA00771445 /* mcheckersUITests.swift */,
				861F01121ED224EA00771445 /* Info.plist */,
			);
			path = mcheckersUITests;
			sourceTree = "<group>";
		};
		BDA26A311EE3372600AE9EAA /* Storyboards */ = {
			isa = PBXGroup;
			children = (
				861F00F41ED224E900771445 /* Main.storyboard */,
				861F00F91ED224E900771445 /* LaunchScreen.storyboard */,
			);
			name = Storyboards;
			sourceTree = "<group>";
		};
		BDA26A321EE3374000AE9EAA /* View Controllers */ = {
			isa = PBXGroup;
			children = (
				861F00F21ED224E900771445 /* ViewController.swift */,
			);
			name = "View Controllers";
			sourceTree = "<group>";
		};
		BDA26A331EE3374E00AE9EAA /* Other */ = {
			isa = PBXGroup;
			children = (
				86CBA62D1EE24DF5004A458E /* Square.swift */,
				86CBA6331EE32F08004A458E /* Piece.swift */,
				BDA26A2F1EE3368B00AE9EAA /* MHelper.swift */,
			);
			name = Other;
			sourceTree = "<group>";
		};
/* End PBXGroup section */

/* Begin PBXNativeTarget section */
		861F00EC1ED224E900771445 /* mcheckers */ = {
			isa = PBXNativeTarget;
			buildConfigurationList = 861F01151ED224EA00771445 /* Build configuration list for PBXNativeTarget "mcheckers" */;
			buildPhases = (
				A1EC50CF8DFABFD81A587DD7 /* [CP] Check Pods Manifest.lock */,
				861F00E91ED224E900771445 /* Sources */,
				861F00EA1ED224E900771445 /* Frameworks */,
				861F00EB1ED224E900771445 /* Resources */,
				0FA8BB7663F38E91301B326A /* [CP] Embed Pods Frameworks */,
				409E6F1001F3CBECFFBCE906 /* [CP] Copy Pods Resources */,
			);
			buildRules = (
			);
			dependencies = (
			);
			name = mcheckers;
			productName = mcheckers;
			productReference = 861F00ED1ED224E900771445 /* mcheckers.app */;
			productType = "com.apple.product-type.application";
		};
		861F01001ED224EA00771445 /* mcheckersTests */ = {
			isa = PBXNativeTarget;
			buildConfigurationList = 861F01181ED224EA00771445 /* Build configuration list for PBXNativeTarget "mcheckersTests" */;
			buildPhases = (
				3B5422183A138E3D0352FE92 /* [CP] Check Pods Manifest.lock */,
				861F00FD1ED224EA00771445 /* Sources */,
				861F00FE1ED224EA00771445 /* Frameworks */,
				861F00FF1ED224EA00771445 /* Resources */,
				14786D286F9B0A16A041B866 /* [CP] Embed Pods Frameworks */,
				DFCBFDC7EDF55D4D6FB8142A /* [CP] Copy Pods Resources */,
			);
			buildRules = (
			);
			dependencies = (
				861F01031ED224EA00771445 /* PBXTargetDependency */,
			);
			name = mcheckersTests;
			productName = mcheckersTests;
			productReference = 861F01011ED224EA00771445 /* mcheckersTests.xctest */;
			productType = "com.apple.product-type.bundle.unit-test";
		};
		861F010B1ED224EA00771445 /* mcheckersUITests */ = {
			isa = PBXNativeTarget;
			buildConfigurationList = 861F011B1ED224EA00771445 /* Build configuration list for PBXNativeTarget "mcheckersUITests" */;
			buildPhases = (
				653FD9D0CE217E4AB1F00E43 /* [CP] Check Pods Manifest.lock */,
				861F01081ED224EA00771445 /* Sources */,
				861F01091ED224EA00771445 /* Frameworks */,
				861F010A1ED224EA00771445 /* Resources */,
				98881D4C676F5614082971F8 /* [CP] Embed Pods Frameworks */,
				5B80C77CC147EFE4B1A508E6 /* [CP] Copy Pods Resources */,
			);
			buildRules = (
			);
			dependencies = (
				861F010E1ED224EA00771445 /* PBXTargetDependency */,
			);
			name = mcheckersUITests;
			productName = mcheckersUITests;
			productReference = 861F010C1ED224EA00771445 /* mcheckersUITests.xctest */;
			productType = "com.apple.product-type.bundle.ui-testing";
		};
/* End PBXNativeTarget section */

/* Begin PBXProject section */
		861F00E51ED224E900771445 /* Project object */ = {
			isa = PBXProject;
			attributes = {
				LastSwiftUpdateCheck = 0830;
				LastUpgradeCheck = 0830;
				ORGANIZATIONNAME = bgsoft;
				TargetAttributes = {
					861F00EC1ED224E900771445 = {
						CreatedOnToolsVersion = 8.3.2;
						ProvisioningStyle = Automatic;
					};
					861F01001ED224EA00771445 = {
						CreatedOnToolsVersion = 8.3.2;
						ProvisioningStyle = Automatic;
						TestTargetID = 861F00EC1ED224E900771445;
					};
					861F010B1ED224EA00771445 = {
						CreatedOnToolsVersion = 8.3.2;
						ProvisioningStyle = Automatic;
						TestTargetID = 861F00EC1ED224E900771445;
					};
				};
			};
			buildConfigurationList = 861F00E81ED224E900771445 /* Build configuration list for PBXProject "mcheckers" */;
			compatibilityVersion = "Xcode 3.2";
			developmentRegion = English;
			hasScannedForEncodings = 0;
			knownRegions = (
				en,
				Base,
			);
			mainGroup = 861F00E41ED224E900771445;
			productRefGroup = 861F00EE1ED224E900771445 /* Products */;
			projectDirPath = "";
			projectRoot = "";
			targets = (
				861F00EC1ED224E900771445 /* mcheckers */,
				861F01001ED224EA00771445 /* mcheckersTests */,
				861F010B1ED224EA00771445 /* mcheckersUITests */,
			);
		};
/* End PBXProject section */

/* Begin PBXResourcesBuildPhase section */
		861F00EB1ED224E900771445 /* Resources */ = {
			isa = PBXResourcesBuildPhase;
			buildActionMask = 2147483647;
			files = (
				861F00FB1ED224E900771445 /* LaunchScreen.storyboard in Resources */,
				869E62001ED22F8500C9C85B /* Media.xcassets in Resources */,
				861F00F61ED224E900771445 /* Main.storyboard in Resources */,
			);
			runOnlyForDeploymentPostprocessing = 0;
		};
		861F00FF1ED224EA00771445 /* Resources */ = {
			isa = PBXResourcesBuildPhase;
			buildActionMask = 2147483647;
			files = (
			);
			runOnlyForDeploymentPostprocessing = 0;
		};
		861F010A1ED224EA00771445 /* Resources */ = {
			isa = PBXResourcesBuildPhase;
			buildActionMask = 2147483647;
			files = (
			);
			runOnlyForDeploymentPostprocessing = 0;
		};
/* End PBXResourcesBuildPhase section */

/* Begin PBXShellScriptBuildPhase section */
		0FA8BB7663F38E91301B326A /* [CP] Embed Pods Frameworks */ = {
			isa = PBXShellScriptBuildPhase;
			buildActionMask = 2147483647;
			files = (
			);
			inputPaths = (
			);
			name = "[CP] Embed Pods Frameworks";
			outputPaths = (
			);
			runOnlyForDeploymentPostprocessing = 0;
			shellPath = /bin/sh;
			shellScript = "\"${SRCROOT}/Pods/Target Support Files/Pods-mcheckers/Pods-mcheckers-frameworks.sh\"\n";
			showEnvVarsInLog = 0;
		};
		14786D286F9B0A16A041B866 /* [CP] Embed Pods Frameworks */ = {
			isa = PBXShellScriptBuildPhase;
			buildActionMask = 2147483647;
			files = (
			);
			inputPaths = (
			);
			name = "[CP] Embed Pods Frameworks";
			outputPaths = (
			);
			runOnlyForDeploymentPostprocessing = 0;
			shellPath = /bin/sh;
			shellScript = "\"${SRCROOT}/Pods/Target Support Files/Pods-mcheckersTests/Pods-mcheckersTests-frameworks.sh\"\n";
			showEnvVarsInLog = 0;
		};
		3B5422183A138E3D0352FE92 /* [CP] Check Pods Manifest.lock */ = {
			isa = PBXShellScriptBuildPhase;
			buildActionMask = 2147483647;
			files = (
			);
			inputPaths = (
			);
			name = "[CP] Check Pods Manifest.lock";
			outputPaths = (
			);
			runOnlyForDeploymentPostprocessing = 0;
			shellPath = /bin/sh;
			shellScript = "diff \"${PODS_PODFILE_DIR_PATH}/Podfile.lock\" \"${PODS_ROOT}/Manifest.lock\" > /dev/null\nif [ $? != 0 ] ; then\n    # print error to STDERR\n    echo \"error: The sandbox is not in sync with the Podfile.lock. Run 'pod install' or update your CocoaPods installation.\" >&2\n    exit 1\nfi\n";
			showEnvVarsInLog = 0;
		};
		409E6F1001F3CBECFFBCE906 /* [CP] Copy Pods Resources */ = {
			isa = PBXShellScriptBuildPhase;
			buildActionMask = 2147483647;
			files = (
			);
			inputPaths = (
			);
			name = "[CP] Copy Pods Resources";
			outputPaths = (
			);
			runOnlyForDeploymentPostprocessing = 0;
			shellPath = /bin/sh;
			shellScript = "\"${SRCROOT}/Pods/Target Support Files/Pods-mcheckers/Pods-mcheckers-resources.sh\"\n";
			showEnvVarsInLog = 0;
		};
		5B80C77CC147EFE4B1A508E6 /* [CP] Copy Pods Resources */ = {
			isa = PBXShellScriptBuildPhase;
			buildActionMask = 2147483647;
			files = (
			);
			inputPaths = (
			);
			name = "[CP] Copy Pods Resources";
			outputPaths = (
			);
			runOnlyForDeploymentPostprocessing = 0;
			shellPath = /bin/sh;
			shellScript = "\"${SRCROOT}/Pods/Target Support Files/Pods-mcheckersUITests/Pods-mcheckersUITests-resources.sh\"\n";
			showEnvVarsInLog = 0;
		};
		653FD9D0CE217E4AB1F00E43 /* [CP] Check Pods Manifest.lock */ = {
			isa = PBXShellScriptBuildPhase;
			buildActionMask = 2147483647;
			files = (
			);
			inputPaths = (
			);
			name = "[CP] Check Pods Manifest.lock";
			outputPaths = (
			);
			runOnlyForDeploymentPostprocessing = 0;
			shellPath = /bin/sh;
			shellScript = "diff \"${PODS_PODFILE_DIR_PATH}/Podfile.lock\" \"${PODS_ROOT}/Manifest.lock\" > /dev/null\nif [ $? != 0 ] ; then\n    # print error to STDERR\n    echo \"error: The sandbox is not in sync with the Podfile.lock. Run 'pod install' or update your CocoaPods installation.\" >&2\n    exit 1\nfi\n";
			showEnvVarsInLog = 0;
		};
		98881D4C676F5614082971F8 /* [CP] Embed Pods Frameworks */ = {
			isa = PBXShellScriptBuildPhase;
			buildActionMask = 2147483647;
			files = (
			);
			inputPaths = (
			);
			name = "[CP] Embed Pods Frameworks";
			outputPaths = (
			);
			runOnlyForDeploymentPostprocessing = 0;
			shellPath = /bin/sh;
			shellScript = "\"${SRCROOT}/Pods/Target Support Files/Pods-mcheckersUITests/Pods-mcheckersUITests-frameworks.sh\"\n";
			showEnvVarsInLog = 0;
		};
		A1EC50CF8DFABFD81A587DD7 /* [CP] Check Pods Manifest.lock */ = {
			isa = PBXShellScriptBuildPhase;
			buildActionMask = 2147483647;
			files = (
			);
			inputPaths = (
			);
			name = "[CP] Check Pods Manifest.lock";
			outputPaths = (
			);
			runOnlyForDeploymentPostprocessing = 0;
			shellPath = /bin/sh;
			shellScript = "diff \"${PODS_PODFILE_DIR_PATH}/Podfile.lock\" \"${PODS_ROOT}/Manifest.lock\" > /dev/null\nif [ $? != 0 ] ; then\n    # print error to STDERR\n    echo \"error: The sandbox is not in sync with the Podfile.lock. Run 'pod install' or update your CocoaPods installation.\" >&2\n    exit 1\nfi\n";
			showEnvVarsInLog = 0;
		};
		DFCBFDC7EDF55D4D6FB8142A /* [CP] Copy Pods Resources */ = {
			isa = PBXShellScriptBuildPhase;
			buildActionMask = 2147483647;
			files = (
			);
			inputPaths = (
			);
			name = "[CP] Copy Pods Resources";
			outputPaths = (
			);
			runOnlyForDeploymentPostprocessing = 0;
			shellPath = /bin/sh;
			shellScript = "\"${SRCROOT}/Pods/Target Support Files/Pods-mcheckersTests/Pods-mcheckersTests-resources.sh\"\n";
			showEnvVarsInLog = 0;
		};
/* End PBXShellScriptBuildPhase section */

/* Begin PBXSourcesBuildPhase section */
		861F00E91ED224E900771445 /* Sources */ = {
			isa = PBXSourcesBuildPhase;
			buildActionMask = 2147483647;
			files = (
				861F00F31ED224E900771445 /* ViewController.swift in Sources */,
				86CBA62E1EE24DF5004A458E /* Square.swift in Sources */,
				BDA26A301EE3368B00AE9EAA /* MHelper.swift in Sources */,
				BDB9D9D71EE33A0300917D68 /* AppDelegate.swift in Sources */,
				86CBA6341EE32F08004A458E /* Piece.swift in Sources */,
			);
			runOnlyForDeploymentPostprocessing = 0;
		};
		861F00FD1ED224EA00771445 /* Sources */ = {
			isa = PBXSourcesBuildPhase;
			buildActionMask = 2147483647;
			files = (
				861F01061ED224EA00771445 /* mcheckersTests.swift in Sources */,
			);
			runOnlyForDeploymentPostprocessing = 0;
		};
		861F01081ED224EA00771445 /* Sources */ = {
			isa = PBXSourcesBuildPhase;
			buildActionMask = 2147483647;
			files = (
				861F01111ED224EA00771445 /* mcheckersUITests.swift in Sources */,
			);
			runOnlyForDeploymentPostprocessing = 0;
		};
/* End PBXSourcesBuildPhase section */

/* Begin PBXTargetDependency section */
		861F01031ED224EA00771445 /* PBXTargetDependency */ = {
			isa = PBXTargetDependency;
			target = 861F00EC1ED224E900771445 /* mcheckers */;
			targetProxy = 861F01021ED224EA00771445 /* PBXContainerItemProxy */;
		};
		861F010E1ED224EA00771445 /* PBXTargetDependency */ = {
			isa = PBXTargetDependency;
			target = 861F00EC1ED224E900771445 /* mcheckers */;
			targetProxy = 861F010D1ED224EA00771445 /* PBXContainerItemProxy */;
		};
/* End PBXTargetDependency section */

/* Begin PBXVariantGroup section */
		861F00F41ED224E900771445 /* Main.storyboard */ = {
			isa = PBXVariantGroup;
			children = (
				861F00F51ED224E900771445 /* Base */,
			);
			name = Main.storyboard;
			sourceTree = "<group>";
		};
		861F00F91ED224E900771445 /* LaunchScreen.storyboard */ = {
			isa = PBXVariantGroup;
			children = (
				861F00FA1ED224E900771445 /* Base */,
			);
			name = LaunchScreen.storyboard;
			sourceTree = "<group>";
		};
/* End PBXVariantGroup section */

/* Begin XCBuildConfiguration section */
		861F01131ED224EA00771445 /* Debug */ = {
			isa = XCBuildConfiguration;
			buildSettings = {
				ALWAYS_SEARCH_USER_PATHS = NO;
				CLANG_ANALYZER_NONNULL = YES;
				CLANG_ANALYZER_NUMBER_OBJECT_CONVERSION = YES_AGGRESSIVE;
				CLANG_CXX_LANGUAGE_STANDARD = "gnu++0x";
				CLANG_CXX_LIBRARY = "libc++";
				CLANG_ENABLE_MODULES = YES;
				CLANG_ENABLE_OBJC_ARC = YES;
				CLANG_WARN_BOOL_CONVERSION = YES;
				CLANG_WARN_CONSTANT_CONVERSION = YES;
				CLANG_WARN_DIRECT_OBJC_ISA_USAGE = YES_ERROR;
				CLANG_WARN_DOCUMENTATION_COMMENTS = YES;
				CLANG_WARN_EMPTY_BODY = YES;
				CLANG_WARN_ENUM_CONVERSION = YES;
				CLANG_WARN_INFINITE_RECURSION = YES;
				CLANG_WARN_INT_CONVERSION = YES;
				CLANG_WARN_OBJC_ROOT_CLASS = YES_ERROR;
				CLANG_WARN_SUSPICIOUS_MOVE = YES;
				CLANG_WARN_UNREACHABLE_CODE = YES;
				CLANG_WARN__DUPLICATE_METHOD_MATCH = YES;
				"CODE_SIGN_IDENTITY[sdk=iphoneos*]" = "iPhone Developer";
				COPY_PHASE_STRIP = NO;
				DEBUG_INFORMATION_FORMAT = dwarf;
				ENABLE_STRICT_OBJC_MSGSEND = YES;
				ENABLE_TESTABILITY = YES;
				GCC_C_LANGUAGE_STANDARD = gnu99;
				GCC_DYNAMIC_NO_PIC = NO;
				GCC_NO_COMMON_BLOCKS = YES;
				GCC_OPTIMIZATION_LEVEL = 0;
				GCC_PREPROCESSOR_DEFINITIONS = (
					"DEBUG=1",
					"$(inherited)",
				);
				GCC_WARN_64_TO_32_BIT_CONVERSION = YES;
				GCC_WARN_ABOUT_RETURN_TYPE = YES_ERROR;
				GCC_WARN_UNDECLARED_SELECTOR = YES;
				GCC_WARN_UNINITIALIZED_AUTOS = YES_AGGRESSIVE;
				GCC_WARN_UNUSED_FUNCTION = YES;
				GCC_WARN_UNUSED_VARIABLE = YES;
				IPHONEOS_DEPLOYMENT_TARGET = 10.3;
				MTL_ENABLE_DEBUG_INFO = YES;
				ONLY_ACTIVE_ARCH = YES;
				SDKROOT = iphoneos;
				SWIFT_ACTIVE_COMPILATION_CONDITIONS = DEBUG;
				SWIFT_OPTIMIZATION_LEVEL = "-Onone";
				TARGETED_DEVICE_FAMILY = "1,2";
			};
			name = Debug;
		};
		861F01141ED224EA00771445 /* Release */ = {
			isa = XCBuildConfiguration;
			buildSettings = {
				ALWAYS_SEARCH_USER_PATHS = NO;
				CLANG_ANALYZER_NONNULL = YES;
				CLANG_ANALYZER_NUMBER_OBJECT_CONVERSION = YES_AGGRESSIVE;
				CLANG_CXX_LANGUAGE_STANDARD = "gnu++0x";
				CLANG_CXX_LIBRARY = "libc++";
				CLANG_ENABLE_MODULES = YES;
				CLANG_ENABLE_OBJC_ARC = YES;
				CLANG_WARN_BOOL_CONVERSION = YES;
				CLANG_WARN_CONSTANT_CONVERSION = YES;
				CLANG_WARN_DIRECT_OBJC_ISA_USAGE = YES_ERROR;
				CLANG_WARN_DOCUMENTATION_COMMENTS = YES;
				CLANG_WARN_EMPTY_BODY = YES;
				CLANG_WARN_ENUM_CONVERSION = YES;
				CLANG_WARN_INFINITE_RECURSION = YES;
				CLANG_WARN_INT_CONVERSION = YES;
				CLANG_WARN_OBJC_ROOT_CLASS = YES_ERROR;
				CLANG_WARN_SUSPICIOUS_MOVE = YES;
				CLANG_WARN_UNREACHABLE_CODE = YES;
				CLANG_WARN__DUPLICATE_METHOD_MATCH = YES;
				"CODE_SIGN_IDENTITY[sdk=iphoneos*]" = "iPhone Developer";
				COPY_PHASE_STRIP = NO;
				DEBUG_INFORMATION_FORMAT = "dwarf-with-dsym";
				ENABLE_NS_ASSERTIONS = NO;
				ENABLE_STRICT_OBJC_MSGSEND = YES;
				GCC_C_LANGUAGE_STANDARD = gnu99;
				GCC_NO_COMMON_BLOCKS = YES;
				GCC_WARN_64_TO_32_BIT_CONVERSION = YES;
				GCC_WARN_ABOUT_RETURN_TYPE = YES_ERROR;
				GCC_WARN_UNDECLARED_SELECTOR = YES;
				GCC_WARN_UNINITIALIZED_AUTOS = YES_AGGRESSIVE;
				GCC_WARN_UNUSED_FUNCTION = YES;
				GCC_WARN_UNUSED_VARIABLE = YES;
				IPHONEOS_DEPLOYMENT_TARGET = 10.3;
				MTL_ENABLE_DEBUG_INFO = NO;
				SDKROOT = iphoneos;
				SWIFT_OPTIMIZATION_LEVEL = "-Owholemodule";
				TARGETED_DEVICE_FAMILY = "1,2";
				VALIDATE_PRODUCT = YES;
			};
			name = Release;
		};
		861F01161ED224EA00771445 /* Debug */ = {
			isa = XCBuildConfiguration;
			baseConfigurationReference = A23904E2D52B9FE441BC176C /* Pods-mcheckers.debug.xcconfig */;
			buildSettings = {
				ASSETCATALOG_COMPILER_APPICON_NAME = AppIcon;
				INFOPLIST_FILE = mcheckers/Info.plist;
				LD_RUNPATH_SEARCH_PATHS = "$(inherited) @executable_path/Frameworks";
				PRODUCT_BUNDLE_IDENTIFIER = com.mcheckers;
				PRODUCT_NAME = "$(TARGET_NAME)";
				SWIFT_VERSION = 3.0;
			};
			name = Debug;
		};
		861F01171ED224EA00771445 /* Release */ = {
			isa = XCBuildConfiguration;
			baseConfigurationReference = 3C2000024138BC91677D2069 /* Pods-mcheckers.release.xcconfig */;
			buildSettings = {
				ASSETCATALOG_COMPILER_APPICON_NAME = AppIcon;
				INFOPLIST_FILE = mcheckers/Info.plist;
				LD_RUNPATH_SEARCH_PATHS = "$(inherited) @executable_path/Frameworks";
				PRODUCT_BUNDLE_IDENTIFIER = com.mcheckers;
				PRODUCT_NAME = "$(TARGET_NAME)";
				SWIFT_VERSION = 3.0;
			};
			name = Release;
		};
		861F01191ED224EA00771445 /* Debug */ = {
			isa = XCBuildConfiguration;
			baseConfigurationReference = AF6D3CEA95F0BA68377FC427 /* Pods-mcheckersTests.debug.xcconfig */;
			buildSettings = {
				ALWAYS_EMBED_SWIFT_STANDARD_LIBRARIES = YES;
				BUNDLE_LOADER = "$(TEST_HOST)";
				INFOPLIST_FILE = mcheckersTests/Info.plist;
				LD_RUNPATH_SEARCH_PATHS = "$(inherited) @executable_path/Frameworks @loader_path/Frameworks";
				PRODUCT_BUNDLE_IDENTIFIER = com.mcheckersTests;
				PRODUCT_NAME = "$(TARGET_NAME)";
				SWIFT_VERSION = 3.0;
				TEST_HOST = "$(BUILT_PRODUCTS_DIR)/mcheckers.app/mcheckers";
			};
			name = Debug;
		};
		861F011A1ED224EA00771445 /* Release */ = {
			isa = XCBuildConfiguration;
			baseConfigurationReference = 101146D77D48ABC82075AD3A /* Pods-mcheckersTests.release.xcconfig */;
			buildSettings = {
				ALWAYS_EMBED_SWIFT_STANDARD_LIBRARIES = YES;
				BUNDLE_LOADER = "$(TEST_HOST)";
				INFOPLIST_FILE = mcheckersTests/Info.plist;
				LD_RUNPATH_SEARCH_PATHS = "$(inherited) @executable_path/Frameworks @loader_path/Frameworks";
				PRODUCT_BUNDLE_IDENTIFIER = com.mcheckersTests;
				PRODUCT_NAME = "$(TARGET_NAME)";
				SWIFT_VERSION = 3.0;
				TEST_HOST = "$(BUILT_PRODUCTS_DIR)/mcheckers.app/mcheckers";
			};
			name = Release;
		};
		861F011C1ED224EA00771445 /* Debug */ = {
			isa = XCBuildConfiguration;
			baseConfigurationReference = 73A5482603EFE400FE288BB6 /* Pods-mcheckersUITests.debug.xcconfig */;
			buildSettings = {
				ALWAYS_EMBED_SWIFT_STANDARD_LIBRARIES = YES;
				INFOPLIST_FILE = mcheckersUITests/Info.plist;
				LD_RUNPATH_SEARCH_PATHS = "$(inherited) @executable_path/Frameworks @loader_path/Frameworks";
				PRODUCT_BUNDLE_IDENTIFIER = com.mcheckersUITests;
				PRODUCT_NAME = "$(TARGET_NAME)";
				SWIFT_VERSION = 3.0;
				TEST_TARGET_NAME = mcheckers;
			};
			name = Debug;
		};
		861F011D1ED224EA00771445 /* Release */ = {
			isa = XCBuildConfiguration;
			baseConfigurationReference = ABCF2E1066574985F354D8E0 /* Pods-mcheckersUITests.release.xcconfig */;
			buildSettings = {
				ALWAYS_EMBED_SWIFT_STANDARD_LIBRARIES = YES;
				INFOPLIST_FILE = mcheckersUITests/Info.plist;
				LD_RUNPATH_SEARCH_PATHS = "$(inherited) @executable_path/Frameworks @loader_path/Frameworks";
				PRODUCT_BUNDLE_IDENTIFIER = com.mcheckersUITests;
				PRODUCT_NAME = "$(TARGET_NAME)";
				SWIFT_VERSION = 3.0;
				TEST_TARGET_NAME = mcheckers;
			};
			name = Release;
		};
/* End XCBuildConfiguration section */

/* Begin XCConfigurationList section */
		861F00E81ED224E900771445 /* Build configuration list for PBXProject "mcheckers" */ = {
			isa = XCConfigurationList;
			buildConfigurations = (
				861F01131ED224EA00771445 /* Debug */,
				861F01141ED224EA00771445 /* Release */,
			);
			defaultConfigurationIsVisible = 0;
			defaultConfigurationName = Release;
		};
		861F01151ED224EA00771445 /* Build configuration list for PBXNativeTarget "mcheckers" */ = {
			isa = XCConfigurationList;
			buildConfigurations = (
				861F01161ED224EA00771445 /* Debug */,
				861F01171ED224EA00771445 /* Release */,
			);
			defaultConfigurationIsVisible = 0;
			defaultConfigurationName = Release;
		};
		861F01181ED224EA00771445 /* Build configuration list for PBXNativeTarget "mcheckersTests" */ = {
			isa = XCConfigurationList;
			buildConfigurations = (
				861F01191ED224EA00771445 /* Debug */,
				861F011A1ED224EA00771445 /* Release */,
			);
			defaultConfigurationIsVisible = 0;
			defaultConfigurationName = Release;
		};
		861F011B1ED224EA00771445 /* Build configuration list for PBXNativeTarget "mcheckersUITests" */ = {
			isa = XCConfigurationList;
			buildConfigurations = (
				861F011C1ED224EA00771445 /* Debug */,
				861F011D1ED224EA00771445 /* Release */,
			);
			defaultConfigurationIsVisible = 0;
			defaultConfigurationName = Release;
		};
/* End XCConfigurationList section */
	};
	rootObject = 861F00E51ED224E900771445 /* Project object */;
}
